{
  "pins" : [
    {
      "identity" : "simplecustomuicomponentsswift",
      "kind" : "remoteSourceControl",
      "location" : "https://github.com/mohammedismayil/SimpleCustomUIComponentsSwift",
      "state" : {
        "branch" : "main",
        "revision" : "c846170e8402dfc07cd18ff31dbf2363ea8f1b1e"
      }
    }
  ],
  "version" : 2
}
