// !$*UTF8*$!
{
	archiveVersion = 1;
	classes = {
	};
	objectVersion = 55;
	objects = {

/* Begin PBXBuildFile section */
		121EE51BC78348190CBECA00 /* Pods_Dealit_DealitUITests.framework in Frameworks */ = {isa = PBXBuildFile; fileRef = E5EEAB4B68A7C9ADA98D5047 /* Pods_Dealit_DealitUITests.framework */; };
		3913609F27DA723400D3B29B /* TrustWalletVC.swift in Sources */ = {isa = PBXBuildFile; fileRef = 3913609E27DA723400D3B29B /* TrustWalletVC.swift */; };
		391C8D7B288DC49B007188EA /* HelloCpp.mm in Sources */ = {isa = PBXBuildFile; fileRef = 391C8D7A288DC49B007188EA /* HelloCpp.mm */; };
		391C8D7E288DC812007188EA /* CppIntegratedVC.swift in Sources */ = {isa = PBXBuildFile; fileRef = 391C8D7D288DC812007188EA /* CppIntegratedVC.swift */; };
		39379B0C28C126260032D885 /* PropertyObserverVC.swift in Sources */ = {isa = PBXBuildFile; fileRef = 39379B0B28C126260032D885 /* PropertyObserverVC.swift */; };
		393868A2278DF73B00FDDBB2 /* HomePageUsers.xcdatamodeld in Sources */ = {isa = PBXBuildFile; fileRef = 393868A0278DF73B00FDDBB2 /* HomePageUsers.xcdatamodeld */; };
		393F1156278D1B8C00542B3B /* UIImageView_Extensions.swift in Sources */ = {isa = PBXBuildFile; fileRef = 393F1155278D1B8C00542B3B /* UIImageView_Extensions.swift */; };
		39478C1027A0663D009652CB /* UserListCoreDataHandler.swift in Sources */ = {isa = PBXBuildFile; fileRef = 39478C0F27A0663D009652CB /* UserListCoreDataHandler.swift */; };
		394B9AD32C88CA3B00201B4E /* DoubleTapAnimationDemoViewController.swift in Sources */ = {isa = PBXBuildFile; fileRef = 394B9AD22C88CA3B00201B4E /* DoubleTapAnimationDemoViewController.swift */; };
		395A430D28829C4900FB8F6F /* WalletConnectClientVC.swift in Sources */ = {isa = PBXBuildFile; fileRef = 395A430C28829C4900FB8F6F /* WalletConnectClientVC.swift */; };
		395A430F28829C7F00FB8F6F /* HandShakeVC.swift in Sources */ = {isa = PBXBuildFile; fileRef = 395A430E28829C7F00FB8F6F /* HandShakeVC.swift */; };
		395A431128829CB400FB8F6F /* Walletconnect.swift in Sources */ = {isa = PBXBuildFile; fileRef = 395A431028829CB400FB8F6F /* Walletconnect.swift */; };
		395A431328829E5000FB8F6F /* ActionsVC.swift in Sources */ = {isa = PBXBuildFile; fileRef = 395A431228829E5000FB8F6F /* ActionsVC.swift */; };
		395AA79128BB24C8007371D9 /* Common.storyboard in Resources */ = {isa = PBXBuildFile; fileRef = 395AA79028BB24C8007371D9 /* Common.storyboard */; };
		395AA79328BB2533007371D9 /* CustomBottomSheetListVC.swift in Sources */ = {isa = PBXBuildFile; fileRef = 395AA79228BB2533007371D9 /* CustomBottomSheetListVC.swift */; };
		396D847A278C9CA3006F87BD /* NetworkManager.swift in Sources */ = {isa = PBXBuildFile; fileRef = 396D8479278C9CA3006F87BD /* NetworkManager.swift */; };
		396D847C278CA291006F87BD /* HomeTVC.xib in Resources */ = {isa = PBXBuildFile; fileRef = 396D847B278CA291006F87BD /* HomeTVC.xib */; };
		396D847E278CA67C006F87BD /* HomeTVC.swift in Sources */ = {isa = PBXBuildFile; fileRef = 396D847D278CA67C006F87BD /* HomeTVC.swift */; };
		396D8480278CADF3006F87BD /* HomePageModels.swift in Sources */ = {isa = PBXBuildFile; fileRef = 396D847F278CADF3006F87BD /* HomePageModels.swift */; };
		397CDC42278E840F005CA5F2 /* CoreDataHandler.swift in Sources */ = {isa = PBXBuildFile; fileRef = 397CDC41278E840F005CA5F2 /* CoreDataHandler.swift */; };
		39841AB728051EE200D10FA9 /* WalletConnectVC.swift in Sources */ = {isa = PBXBuildFile; fileRef = 39841AB628051EE200D10FA9 /* WalletConnectVC.swift */; };
		3986487B2891AC5400A48C6D /* WeakReferenceExampleVC.swift in Sources */ = {isa = PBXBuildFile; fileRef = 3986487A2891AC5400A48C6D /* WeakReferenceExampleVC.swift */; };
		39B686F0278B1EB0001B12E4 /* AppDelegate.swift in Sources */ = {isa = PBXBuildFile; fileRef = 39B686EF278B1EB0001B12E4 /* AppDelegate.swift */; };
		39B686F7278B1EB0001B12E4 /* Main.storyboard in Resources */ = {isa = PBXBuildFile; fileRef = 39B686F5278B1EB0001B12E4 /* Main.storyboard */; };
		39B686FA278B1EB0001B12E4 /* Dealit.xcdatamodeld in Sources */ = {isa = PBXBuildFile; fileRef = 39B686F8278B1EB0001B12E4 /* Dealit.xcdatamodeld */; };
		39B686FC278B1EB1001B12E4 /* Assets.xcassets in Resources */ = {isa = PBXBuildFile; fileRef = 39B686FB278B1EB1001B12E4 /* Assets.xcassets */; };
		39B686FF278B1EB1001B12E4 /* LaunchScreen.storyboard in Resources */ = {isa = PBXBuildFile; fileRef = 39B686FD278B1EB1001B12E4 /* LaunchScreen.storyboard */; };
		39B6870A278B1EB1001B12E4 /* DealitTests.swift in Sources */ = {isa = PBXBuildFile; fileRef = 39B68709278B1EB1001B12E4 /* DealitTests.swift */; };
		39B68714278B1EB1001B12E4 /* DealitUITests.swift in Sources */ = {isa = PBXBuildFile; fileRef = 39B68713278B1EB1001B12E4 /* DealitUITests.swift */; };
		39B68716278B1EB1001B12E4 /* DealitUITestsLaunchTests.swift in Sources */ = {isa = PBXBuildFile; fileRef = 39B68715278B1EB1001B12E4 /* DealitUITestsLaunchTests.swift */; };
		39B68723278B1EEE001B12E4 /* UserStatus.swift in Sources */ = {isa = PBXBuildFile; fileRef = 39B68722278B1EEE001B12E4 /* UserStatus.swift */; };
		39B68725278B261E001B12E4 /* LocalAppData.swift in Sources */ = {isa = PBXBuildFile; fileRef = 39B68724278B261E001B12E4 /* LocalAppData.swift */; };
		39B68727278B27A2001B12E4 /* InitialVC.swift in Sources */ = {isa = PBXBuildFile; fileRef = 39B68726278B27A2001B12E4 /* InitialVC.swift */; };
		39B68729278B28F0001B12E4 /* RegisterVC.swift in Sources */ = {isa = PBXBuildFile; fileRef = 39B68728278B28F0001B12E4 /* RegisterVC.swift */; };
		39B6872B278B2A97001B12E4 /* HomeVC.swift in Sources */ = {isa = PBXBuildFile; fileRef = 39B6872A278B2A97001B12E4 /* HomeVC.swift */; };
		39B6872D278B344C001B12E4 /* SampleVCS.storyboard in Resources */ = {isa = PBXBuildFile; fileRef = 39B6872C278B344C001B12E4 /* SampleVCS.storyboard */; };
		39B68730278B3494001B12E4 /* VC1.swift in Sources */ = {isa = PBXBuildFile; fileRef = 39B6872F278B3494001B12E4 /* VC1.swift */; };
		39B68733278B3540001B12E4 /* VC2.swift in Sources */ = {isa = PBXBuildFile; fileRef = 39B68732278B3540001B12E4 /* VC2.swift */; };
		39B68735278B354D001B12E4 /* VC3.swift in Sources */ = {isa = PBXBuildFile; fileRef = 39B68734278B354D001B12E4 /* VC3.swift */; };
		39DD3FF927BEAEAE00BC2F8E /* ProductModel.swift in Sources */ = {isa = PBXBuildFile; fileRef = 39DD3FF827BEAEAE00BC2F8E /* ProductModel.swift */; };
		39DD3FFB27BEB08C00BC2F8E /* ProductsCoreDataHandler.swift in Sources */ = {isa = PBXBuildFile; fileRef = 39DD3FFA27BEB08C00BC2F8E /* ProductsCoreDataHandler.swift */; };
		39E0458428C6589E004FB779 /* HomeUsersModel.swift in Sources */ = {isa = PBXBuildFile; fileRef = 39E0458328C6589E004FB779 /* HomeUsersModel.swift */; };
		39E0458728C65CCD004FB779 /* RawResponse.xcdatamodeld in Sources */ = {isa = PBXBuildFile; fileRef = 39E0458528C65CCD004FB779 /* RawResponse.xcdatamodeld */; };
		6F0D7D0A2A88705E00E6D759 /* StackViewLayoutDemoViewController.swift in Sources */ = {isa = PBXBuildFile; fileRef = 6F0D7D092A88705E00E6D759 /* StackViewLayoutDemoViewController.swift */; };
		6F361E0A2AE03840009F52B9 /* MemoryLeakDemoViewController.swift in Sources */ = {isa = PBXBuildFile; fileRef = 6F361E092AE03840009F52B9 /* MemoryLeakDemoViewController.swift */; };
		6F4278022AAC8C5600A7E7F8 /* ThreadRaceVC.swift in Sources */ = {isa = PBXBuildFile; fileRef = 6F4278012AAC8C5600A7E7F8 /* ThreadRaceVC.swift */; };
		6F4278082AB3842300A7E7F8 /* LanguageFileCleaningDemoViewController.swift in Sources */ = {isa = PBXBuildFile; fileRef = 6F4278072AB3842300A7E7F8 /* LanguageFileCleaningDemoViewController.swift */; };
		6F42780A2AB3852500A7E7F8 /* English.strings in Resources */ = {isa = PBXBuildFile; fileRef = 6F4278092AB3852500A7E7F8 /* English.strings */; };
		6F42780F2AB38A9000A7E7F8 /* French.strings in Resources */ = {isa = PBXBuildFile; fileRef = 6F42780E2AB38A9000A7E7F8 /* French.strings */; };
		6F646AEF2B1F9A53007A5F8C /* DemoPaginationViewController.swift in Sources */ = {isa = PBXBuildFile; fileRef = 6F646AEE2B1F9A53007A5F8C /* DemoPaginationViewController.swift */; };
		6F646AF22B1F9BCA007A5F8C /* DemoPaginationUser+CoreDataClass.swift in Sources */ = {isa = PBXBuildFile; fileRef = 6F646AF02B1F9BCA007A5F8C /* DemoPaginationUser+CoreDataClass.swift */; };
		6F646AF32B1F9BCA007A5F8C /* DemoPaginationUser+CoreDataProperties.swift in Sources */ = {isa = PBXBuildFile; fileRef = 6F646AF12B1F9BCA007A5F8C /* DemoPaginationUser+CoreDataProperties.swift */; };
		6F73E56F2ABA184300F02DCF /* SimpleCustomUIComponentsSwift in Frameworks */ = {isa = PBXBuildFile; productRef = 6F73E56E2ABA184300F02DCF /* SimpleCustomUIComponentsSwift */; };
		6F7DC2872AC1E9F50035CE96 /* NotificationRemovalDemoViewController.swift in Sources */ = {isa = PBXBuildFile; fileRef = 6F7DC2862AC1E9F50035CE96 /* NotificationRemovalDemoViewController.swift */; };
		6FAFF0BF2C18C8A70089DC4D /* StoryProgressSegmentsDemoViewController.swift in Sources */ = {isa = PBXBuildFile; fileRef = 6FAFF0BE2C18C8A70089DC4D /* StoryProgressSegmentsDemoViewController.swift */; };
		6FCF543E2A628D17008B4717 /* InitialBlankViewController.swift in Sources */ = {isa = PBXBuildFile; fileRef = 6FCF543D2A628D17008B4717 /* InitialBlankViewController.swift */; };
		6FCF54422A65C07C008B4717 /* PresentCompletionDemoViewController.swift in Sources */ = {isa = PBXBuildFile; fileRef = 6FCF54412A65C07C008B4717 /* PresentCompletionDemoViewController.swift */; };
		6FD75ADC2ACDD23400080E28 /* ButtonBackgroundBezierPathDemoViewController.swift in Sources */ = {isa = PBXBuildFile; fileRef = 6FD75ADB2ACDD23400080E28 /* ButtonBackgroundBezierPathDemoViewController.swift */; };
		8423B1840EFB6D8006110D67 /* Pods_DealitTests.framework in Frameworks */ = {isa = PBXBuildFile; fileRef = 3F57F91D8F6335D9BCB56552 /* Pods_DealitTests.framework */; };
		97A3AA2D797F78180D3A4642 /* Pods_Dealit.framework in Frameworks */ = {isa = PBXBuildFile; fileRef = 13704C617572F4D1942D5399 /* Pods_Dealit.framework */; };
/* End PBXBuildFile section */

/* Begin PBXContainerItemProxy section */
		39B68706278B1EB1001B12E4 /* PBXContainerItemProxy */ = {
			isa = PBXContainerItemProxy;
			containerPortal = 39B686E4278B1EAF001B12E4 /* Project object */;
			proxyType = 1;
			remoteGlobalIDString = 39B686EB278B1EB0001B12E4;
			remoteInfo = Dealit;
		};
		39B68710278B1EB1001B12E4 /* PBXContainerItemProxy */ = {
			isa = PBXContainerItemProxy;
			containerPortal = 39B686E4278B1EAF001B12E4 /* Project object */;
			proxyType = 1;
			remoteGlobalIDString = 39B686EB278B1EB0001B12E4;
			remoteInfo = Dealit;
		};
/* End PBXContainerItemProxy section */

/* Begin PBXFileReference section */
		035EC92F1F4EF51D04967C02 /* Pods-Dealit.debug.xcconfig */ = {isa = PBXFileReference; includeInIndex = 1; lastKnownFileType = text.xcconfig; name = "Pods-Dealit.debug.xcconfig"; path = "Target Support Files/Pods-Dealit/Pods-Dealit.debug.xcconfig"; sourceTree = "<group>"; };
		06670414DBF8220922DC2A2D /* Pods-Dealit-DealitUITests.release.xcconfig */ = {isa = PBXFileReference; includeInIndex = 1; lastKnownFileType = text.xcconfig; name = "Pods-Dealit-DealitUITests.release.xcconfig"; path = "Target Support Files/Pods-Dealit-DealitUITests/Pods-Dealit-DealitUITests.release.xcconfig"; sourceTree = "<group>"; };
		13704C617572F4D1942D5399 /* Pods_Dealit.framework */ = {isa = PBXFileReference; explicitFileType = wrapper.framework; includeInIndex = 0; path = Pods_Dealit.framework; sourceTree = BUILT_PRODUCTS_DIR; };
		2030A970B7EA18323536B568 /* Pods-Dealit-DealitUITests.debug.xcconfig */ = {isa = PBXFileReference; includeInIndex = 1; lastKnownFileType = text.xcconfig; name = "Pods-Dealit-DealitUITests.debug.xcconfig"; path = "Target Support Files/Pods-Dealit-DealitUITests/Pods-Dealit-DealitUITests.debug.xcconfig"; sourceTree = "<group>"; };
		3913609E27DA723400D3B29B /* TrustWalletVC.swift */ = {isa = PBXFileReference; lastKnownFileType = sourcecode.swift; path = TrustWalletVC.swift; sourceTree = "<group>"; };
		391C8D76288DC2CA007188EA /* Dealit-Bridging-Header.h */ = {isa = PBXFileReference; lastKnownFileType = sourcecode.c.h; path = "Dealit-Bridging-Header.h"; sourceTree = "<group>"; };
		391C8D7A288DC49B007188EA /* HelloCpp.mm */ = {isa = PBXFileReference; fileEncoding = 4; lastKnownFileType = sourcecode.cpp.objcpp; path = HelloCpp.mm; sourceTree = "<group>"; };
		391C8D7C288DC66A007188EA /* HelloCpp.hpp */ = {isa = PBXFileReference; lastKnownFileType = sourcecode.cpp.h; path = HelloCpp.hpp; sourceTree = "<group>"; };
		391C8D7D288DC812007188EA /* CppIntegratedVC.swift */ = {isa = PBXFileReference; lastKnownFileType = sourcecode.swift; path = CppIntegratedVC.swift; sourceTree = "<group>"; };
		39379B0B28C126260032D885 /* PropertyObserverVC.swift */ = {isa = PBXFileReference; lastKnownFileType = sourcecode.swift; path = PropertyObserverVC.swift; sourceTree = "<group>"; };
		393868A1278DF73B00FDDBB2 /* HomePageUsers.xcdatamodel */ = {isa = PBXFileReference; lastKnownFileType = wrapper.xcdatamodel; path = HomePageUsers.xcdatamodel; sourceTree = "<group>"; };
		393F1155278D1B8C00542B3B /* UIImageView_Extensions.swift */ = {isa = PBXFileReference; lastKnownFileType = sourcecode.swift; path = UIImageView_Extensions.swift; sourceTree = "<group>"; };
		39478C0F27A0663D009652CB /* UserListCoreDataHandler.swift */ = {isa = PBXFileReference; lastKnownFileType = sourcecode.swift; path = UserListCoreDataHandler.swift; sourceTree = "<group>"; };
		394B9AD22C88CA3B00201B4E /* DoubleTapAnimationDemoViewController.swift */ = {isa = PBXFileReference; lastKnownFileType = sourcecode.swift; path = DoubleTapAnimationDemoViewController.swift; sourceTree = "<group>"; };
		395A430C28829C4900FB8F6F /* WalletConnectClientVC.swift */ = {isa = PBXFileReference; lastKnownFileType = sourcecode.swift; path = WalletConnectClientVC.swift; sourceTree = "<group>"; };
		395A430E28829C7F00FB8F6F /* HandShakeVC.swift */ = {isa = PBXFileReference; lastKnownFileType = sourcecode.swift; path = HandShakeVC.swift; sourceTree = "<group>"; };
		395A431028829CB400FB8F6F /* Walletconnect.swift */ = {isa = PBXFileReference; lastKnownFileType = sourcecode.swift; path = Walletconnect.swift; sourceTree = "<group>"; };
		395A431228829E5000FB8F6F /* ActionsVC.swift */ = {isa = PBXFileReference; lastKnownFileType = sourcecode.swift; path = ActionsVC.swift; sourceTree = "<group>"; };
		395AA79028BB24C8007371D9 /* Common.storyboard */ = {isa = PBXFileReference; lastKnownFileType = file.storyboard; path = Common.storyboard; sourceTree = "<group>"; };
		395AA79228BB2533007371D9 /* CustomBottomSheetListVC.swift */ = {isa = PBXFileReference; lastKnownFileType = sourcecode.swift; path = CustomBottomSheetListVC.swift; sourceTree = "<group>"; };
		396D8479278C9CA3006F87BD /* NetworkManager.swift */ = {isa = PBXFileReference; lastKnownFileType = sourcecode.swift; path = NetworkManager.swift; sourceTree = "<group>"; };
		396D847B278CA291006F87BD /* HomeTVC.xib */ = {isa = PBXFileReference; lastKnownFileType = file.xib; path = HomeTVC.xib; sourceTree = "<group>"; };
		396D847D278CA67C006F87BD /* HomeTVC.swift */ = {isa = PBXFileReference; lastKnownFileType = sourcecode.swift; path = HomeTVC.swift; sourceTree = "<group>"; };
		396D847F278CADF3006F87BD /* HomePageModels.swift */ = {isa = PBXFileReference; lastKnownFileType = sourcecode.swift; path = HomePageModels.swift; sourceTree = "<group>"; };
		397CDC41278E840F005CA5F2 /* CoreDataHandler.swift */ = {isa = PBXFileReference; lastKnownFileType = sourcecode.swift; path = CoreDataHandler.swift; sourceTree = "<group>"; };
		39841AB628051EE200D10FA9 /* WalletConnectVC.swift */ = {isa = PBXFileReference; lastKnownFileType = sourcecode.swift; path = WalletConnectVC.swift; sourceTree = "<group>"; };
		3986487A2891AC5400A48C6D /* WeakReferenceExampleVC.swift */ = {isa = PBXFileReference; lastKnownFileType = sourcecode.swift; path = WeakReferenceExampleVC.swift; sourceTree = "<group>"; };
		39B686EC278B1EB0001B12E4 /* Dealit.app */ = {isa = PBXFileReference; explicitFileType = wrapper.application; includeInIndex = 0; path = Dealit.app; sourceTree = BUILT_PRODUCTS_DIR; };
		39B686EF278B1EB0001B12E4 /* AppDelegate.swift */ = {isa = PBXFileReference; lastKnownFileType = sourcecode.swift; path = AppDelegate.swift; sourceTree = "<group>"; };
		39B686F6278B1EB0001B12E4 /* Base */ = {isa = PBXFileReference; lastKnownFileType = file.storyboard; name = Base; path = Base.lproj/Main.storyboard; sourceTree = "<group>"; };
		39B686F9278B1EB0001B12E4 /* Dealit.xcdatamodel */ = {isa = PBXFileReference; lastKnownFileType = wrapper.xcdatamodel; path = Dealit.xcdatamodel; sourceTree = "<group>"; };
		39B686FB278B1EB1001B12E4 /* Assets.xcassets */ = {isa = PBXFileReference; lastKnownFileType = folder.assetcatalog; path = Assets.xcassets; sourceTree = "<group>"; };
		39B686FE278B1EB1001B12E4 /* Base */ = {isa = PBXFileReference; lastKnownFileType = file.storyboard; name = Base; path = Base.lproj/LaunchScreen.storyboard; sourceTree = "<group>"; };
		39B68700278B1EB1001B12E4 /* Info.plist */ = {isa = PBXFileReference; lastKnownFileType = text.plist.xml; path = Info.plist; sourceTree = "<group>"; };
		39B68705278B1EB1001B12E4 /* DealitTests.xctest */ = {isa = PBXFileReference; explicitFileType = wrapper.cfbundle; includeInIndex = 0; path = DealitTests.xctest; sourceTree = BUILT_PRODUCTS_DIR; };
		39B68709278B1EB1001B12E4 /* DealitTests.swift */ = {isa = PBXFileReference; lastKnownFileType = sourcecode.swift; path = DealitTests.swift; sourceTree = "<group>"; };
		39B6870F278B1EB1001B12E4 /* DealitUITests.xctest */ = {isa = PBXFileReference; explicitFileType = wrapper.cfbundle; includeInIndex = 0; path = DealitUITests.xctest; sourceTree = BUILT_PRODUCTS_DIR; };
		39B68713278B1EB1001B12E4 /* DealitUITests.swift */ = {isa = PBXFileReference; lastKnownFileType = sourcecode.swift; path = DealitUITests.swift; sourceTree = "<group>"; };
		39B68715278B1EB1001B12E4 /* DealitUITestsLaunchTests.swift */ = {isa = PBXFileReference; lastKnownFileType = sourcecode.swift; path = DealitUITestsLaunchTests.swift; sourceTree = "<group>"; };
		39B68722278B1EEE001B12E4 /* UserStatus.swift */ = {isa = PBXFileReference; lastKnownFileType = sourcecode.swift; path = UserStatus.swift; sourceTree = "<group>"; };
		39B68724278B261E001B12E4 /* LocalAppData.swift */ = {isa = PBXFileReference; lastKnownFileType = sourcecode.swift; path = LocalAppData.swift; sourceTree = "<group>"; };
		39B68726278B27A2001B12E4 /* InitialVC.swift */ = {isa = PBXFileReference; lastKnownFileType = sourcecode.swift; path = InitialVC.swift; sourceTree = "<group>"; };
		39B68728278B28F0001B12E4 /* RegisterVC.swift */ = {isa = PBXFileReference; lastKnownFileType = sourcecode.swift; path = RegisterVC.swift; sourceTree = "<group>"; };
		39B6872A278B2A97001B12E4 /* HomeVC.swift */ = {isa = PBXFileReference; lastKnownFileType = sourcecode.swift; path = HomeVC.swift; sourceTree = "<group>"; };
		39B6872C278B344C001B12E4 /* SampleVCS.storyboard */ = {isa = PBXFileReference; lastKnownFileType = file.storyboard; path = SampleVCS.storyboard; sourceTree = "<group>"; };
		39B6872F278B3494001B12E4 /* VC1.swift */ = {isa = PBXFileReference; lastKnownFileType = sourcecode.swift; path = VC1.swift; sourceTree = "<group>"; };
		39B68732278B3540001B12E4 /* VC2.swift */ = {isa = PBXFileReference; lastKnownFileType = sourcecode.swift; path = VC2.swift; sourceTree = "<group>"; };
		39B68734278B354D001B12E4 /* VC3.swift */ = {isa = PBXFileReference; lastKnownFileType = sourcecode.swift; path = VC3.swift; sourceTree = "<group>"; };
		39DD3FF827BEAEAE00BC2F8E /* ProductModel.swift */ = {isa = PBXFileReference; lastKnownFileType = sourcecode.swift; path = ProductModel.swift; sourceTree = "<group>"; };
		39DD3FFA27BEB08C00BC2F8E /* ProductsCoreDataHandler.swift */ = {isa = PBXFileReference; lastKnownFileType = sourcecode.swift; path = ProductsCoreDataHandler.swift; sourceTree = "<group>"; };
		39E0458328C6589E004FB779 /* HomeUsersModel.swift */ = {isa = PBXFileReference; lastKnownFileType = sourcecode.swift; path = HomeUsersModel.swift; sourceTree = "<group>"; };
		39E0458628C65CCD004FB779 /* RawResponse.xcdatamodel */ = {isa = PBXFileReference; lastKnownFileType = wrapper.xcdatamodel; path = RawResponse.xcdatamodel; sourceTree = "<group>"; };
		3F57F91D8F6335D9BCB56552 /* Pods_DealitTests.framework */ = {isa = PBXFileReference; explicitFileType = wrapper.framework; includeInIndex = 0; path = Pods_DealitTests.framework; sourceTree = BUILT_PRODUCTS_DIR; };
		6F0D7D092A88705E00E6D759 /* StackViewLayoutDemoViewController.swift */ = {isa = PBXFileReference; lastKnownFileType = sourcecode.swift; path = StackViewLayoutDemoViewController.swift; sourceTree = "<group>"; };
		6F361E092AE03840009F52B9 /* MemoryLeakDemoViewController.swift */ = {isa = PBXFileReference; lastKnownFileType = sourcecode.swift; path = MemoryLeakDemoViewController.swift; sourceTree = "<group>"; };
		6F4278012AAC8C5600A7E7F8 /* ThreadRaceVC.swift */ = {isa = PBXFileReference; lastKnownFileType = sourcecode.swift; path = ThreadRaceVC.swift; sourceTree = "<group>"; };
		6F4278072AB3842300A7E7F8 /* LanguageFileCleaningDemoViewController.swift */ = {isa = PBXFileReference; lastKnownFileType = sourcecode.swift; path = LanguageFileCleaningDemoViewController.swift; sourceTree = "<group>"; };
		6F4278092AB3852500A7E7F8 /* English.strings */ = {isa = PBXFileReference; lastKnownFileType = text.plist.strings; path = English.strings; sourceTree = "<group>"; };
		6F42780E2AB38A9000A7E7F8 /* French.strings */ = {isa = PBXFileReference; lastKnownFileType = text.plist.strings; path = French.strings; sourceTree = "<group>"; };
		6F646AEE2B1F9A53007A5F8C /* DemoPaginationViewController.swift */ = {isa = PBXFileReference; lastKnownFileType = sourcecode.swift; path = DemoPaginationViewController.swift; sourceTree = "<group>"; };
		6F646AF02B1F9BCA007A5F8C /* DemoPaginationUser+CoreDataClass.swift */ = {isa = PBXFileReference; lastKnownFileType = sourcecode.swift; path = "DemoPaginationUser+CoreDataClass.swift"; sourceTree = SOURCE_ROOT; };
		6F646AF12B1F9BCA007A5F8C /* DemoPaginationUser+CoreDataProperties.swift */ = {isa = PBXFileReference; lastKnownFileType = sourcecode.swift; path = "DemoPaginationUser+CoreDataProperties.swift"; sourceTree = SOURCE_ROOT; };
		6F7DC2862AC1E9F50035CE96 /* NotificationRemovalDemoViewController.swift */ = {isa = PBXFileReference; lastKnownFileType = sourcecode.swift; path = NotificationRemovalDemoViewController.swift; sourceTree = "<group>"; };
		6F7DC2882AC1EE050035CE96 /* DealitRelease.entitlements */ = {isa = PBXFileReference; lastKnownFileType = text.plist.entitlements; path = DealitRelease.entitlements; sourceTree = "<group>"; };
		6FAFF0BE2C18C8A70089DC4D /* StoryProgressSegmentsDemoViewController.swift */ = {isa = PBXFileReference; lastKnownFileType = sourcecode.swift; path = StoryProgressSegmentsDemoViewController.swift; sourceTree = "<group>"; };
		6FCF543D2A628D17008B4717 /* InitialBlankViewController.swift */ = {isa = PBXFileReference; fileEncoding = 4; lastKnownFileType = sourcecode.swift; path = InitialBlankViewController.swift; sourceTree = "<group>"; };
		6FCF54412A65C07C008B4717 /* PresentCompletionDemoViewController.swift */ = {isa = PBXFileReference; lastKnownFileType = sourcecode.swift; path = PresentCompletionDemoViewController.swift; sourceTree = "<group>"; };
		6FD75ADB2ACDD23400080E28 /* ButtonBackgroundBezierPathDemoViewController.swift */ = {isa = PBXFileReference; lastKnownFileType = sourcecode.swift; path = ButtonBackgroundBezierPathDemoViewController.swift; sourceTree = "<group>"; };
		7A476C7948DA53D3BCF9A7F5 /* Pods-DealitTests.debug.xcconfig */ = {isa = PBXFileReference; includeInIndex = 1; lastKnownFileType = text.xcconfig; name = "Pods-DealitTests.debug.xcconfig"; path = "Target Support Files/Pods-DealitTests/Pods-DealitTests.debug.xcconfig"; sourceTree = "<group>"; };
		94A50516429E3F8462A2D6FA /* Pods-Dealit.release.xcconfig */ = {isa = PBXFileReference; includeInIndex = 1; lastKnownFileType = text.xcconfig; name = "Pods-Dealit.release.xcconfig"; path = "Target Support Files/Pods-Dealit/Pods-Dealit.release.xcconfig"; sourceTree = "<group>"; };
		E5EEAB4B68A7C9ADA98D5047 /* Pods_Dealit_DealitUITests.framework */ = {isa = PBXFileReference; explicitFileType = wrapper.framework; includeInIndex = 0; path = Pods_Dealit_DealitUITests.framework; sourceTree = BUILT_PRODUCTS_DIR; };
		FEF2CFCE031969220055803F /* Pods-DealitTests.release.xcconfig */ = {isa = PBXFileReference; includeInIndex = 1; lastKnownFileType = text.xcconfig; name = "Pods-DealitTests.release.xcconfig"; path = "Target Support Files/Pods-DealitTests/Pods-DealitTests.release.xcconfig"; sourceTree = "<group>"; };
/* End PBXFileReference section */

/* Begin PBXFrameworksBuildPhase section */
		39B686E9278B1EB0001B12E4 /* Frameworks */ = {
			isa = PBXFrameworksBuildPhase;
			buildActionMask = 2147483647;
			files = (
				6F73E56F2ABA184300F02DCF /* SimpleCustomUIComponentsSwift in Frameworks */,
				97A3AA2D797F78180D3A4642 /* Pods_Dealit.framework in Frameworks */,
			);
			runOnlyForDeploymentPostprocessing = 0;
		};
		39B68702278B1EB1001B12E4 /* Frameworks */ = {
			isa = PBXFrameworksBuildPhase;
			buildActionMask = 2147483647;
			files = (
				8423B1840EFB6D8006110D67 /* Pods_DealitTests.framework in Frameworks */,
			);
			runOnlyForDeploymentPostprocessing = 0;
		};
		39B6870C278B1EB1001B12E4 /* Frameworks */ = {
			isa = PBXFrameworksBuildPhase;
			buildActionMask = 2147483647;
			files = (
				121EE51BC78348190CBECA00 /* Pods_Dealit_DealitUITests.framework in Frameworks */,
			);
			runOnlyForDeploymentPostprocessing = 0;
		};
/* End PBXFrameworksBuildPhase section */

/* Begin PBXGroup section */
		393F1157278D1B9F00542B3B /* UIHelpers */ = {
			isa = PBXGroup;
			children = (
				393F1155278D1B8C00542B3B /* UIImageView_Extensions.swift */,
			);
			path = UIHelpers;
			sourceTree = "<group>";
		};
		39B686E3278B1EAF001B12E4 = {
			isa = PBXGroup;
			children = (
				39B686EE278B1EB0001B12E4 /* Dealit */,
				39B68708278B1EB1001B12E4 /* DealitTests */,
				39B68712278B1EB1001B12E4 /* DealitUITests */,
				39B686ED278B1EB0001B12E4 /* Products */,
				DA6B440615053A3B6158A9F5 /* Pods */,
				B4992A5C378C6C22944C0925 /* Frameworks */,
			);
			sourceTree = "<group>";
		};
		39B686ED278B1EB0001B12E4 /* Products */ = {
			isa = PBXGroup;
			children = (
				39B686EC278B1EB0001B12E4 /* Dealit.app */,
				39B68705278B1EB1001B12E4 /* DealitTests.xctest */,
				39B6870F278B1EB1001B12E4 /* DealitUITests.xctest */,
			);
			name = Products;
			sourceTree = "<group>";
		};
		39B686EE278B1EB0001B12E4 /* Dealit */ = {
			isa = PBXGroup;
			children = (
				6F7DC2882AC1EE050035CE96 /* DealitRelease.entitlements */,
				39B686EF278B1EB0001B12E4 /* AppDelegate.swift */,
				6FCF543D2A628D17008B4717 /* InitialBlankViewController.swift */,
				39B68731278B349C001B12E4 /* SampleVCS */,
				39B686F5278B1EB0001B12E4 /* Main.storyboard */,
				395AA79028BB24C8007371D9 /* Common.storyboard */,
				396D847B278CA291006F87BD /* HomeTVC.xib */,
				396D847D278CA67C006F87BD /* HomeTVC.swift */,
				39379B0B28C126260032D885 /* PropertyObserverVC.swift */,
				6F0D7D082A88702C00E6D759 /* DemoVCs */,
				39B6872E278B3458001B12E4 /* Account */,
				39B686FB278B1EB1001B12E4 /* Assets.xcassets */,
				39B686FD278B1EB1001B12E4 /* LaunchScreen.storyboard */,
				39B68700278B1EB1001B12E4 /* Info.plist */,
				393F1157278D1B9F00542B3B /* UIHelpers */,
				39B686F8278B1EB0001B12E4 /* Dealit.xcdatamodeld */,
				393868A0278DF73B00FDDBB2 /* HomePageUsers.xcdatamodeld */,
				39E0458528C65CCD004FB779 /* RawResponse.xcdatamodeld */,
			);
			path = Dealit;
			sourceTree = "<group>";
		};
		39B68708278B1EB1001B12E4 /* DealitTests */ = {
			isa = PBXGroup;
			children = (
				39B68709278B1EB1001B12E4 /* DealitTests.swift */,
			);
			path = DealitTests;
			sourceTree = "<group>";
		};
		39B68712278B1EB1001B12E4 /* DealitUITests */ = {
			isa = PBXGroup;
			children = (
				39B68713278B1EB1001B12E4 /* DealitUITests.swift */,
				39B68715278B1EB1001B12E4 /* DealitUITestsLaunchTests.swift */,
			);
			path = DealitUITests;
			sourceTree = "<group>";
		};
		39B6872E278B3458001B12E4 /* Account */ = {
			isa = PBXGroup;
			children = (
				39B68728278B28F0001B12E4 /* RegisterVC.swift */,
				3913609E27DA723400D3B29B /* TrustWalletVC.swift */,
				39B68722278B1EEE001B12E4 /* UserStatus.swift */,
				39841AB628051EE200D10FA9 /* WalletConnectVC.swift */,
				395A431028829CB400FB8F6F /* Walletconnect.swift */,
				395A430C28829C4900FB8F6F /* WalletConnectClientVC.swift */,
				391C8D7C288DC66A007188EA /* HelloCpp.hpp */,
				391C8D7D288DC812007188EA /* CppIntegratedVC.swift */,
				3986487A2891AC5400A48C6D /* WeakReferenceExampleVC.swift */,
				391C8D7A288DC49B007188EA /* HelloCpp.mm */,
				395A431228829E5000FB8F6F /* ActionsVC.swift */,
				395A430E28829C7F00FB8F6F /* HandShakeVC.swift */,
				39B68724278B261E001B12E4 /* LocalAppData.swift */,
				39B68726278B27A2001B12E4 /* InitialVC.swift */,
				39B6872A278B2A97001B12E4 /* HomeVC.swift */,
				396D847F278CADF3006F87BD /* HomePageModels.swift */,
				39DD3FF827BEAEAE00BC2F8E /* ProductModel.swift */,
				396D8479278C9CA3006F87BD /* NetworkManager.swift */,
				397CDC41278E840F005CA5F2 /* CoreDataHandler.swift */,
				39478C0F27A0663D009652CB /* UserListCoreDataHandler.swift */,
				39E0458328C6589E004FB779 /* HomeUsersModel.swift */,
				39DD3FFA27BEB08C00BC2F8E /* ProductsCoreDataHandler.swift */,
				391C8D76288DC2CA007188EA /* Dealit-Bridging-Header.h */,
			);
			path = Account;
			sourceTree = "<group>";
		};
		39B68731278B349C001B12E4 /* SampleVCS */ = {
			isa = PBXGroup;
			children = (
				39B6872C278B344C001B12E4 /* SampleVCS.storyboard */,
				39B6872F278B3494001B12E4 /* VC1.swift */,
				6FAFF0BE2C18C8A70089DC4D /* StoryProgressSegmentsDemoViewController.swift */,
				394B9AD22C88CA3B00201B4E /* DoubleTapAnimationDemoViewController.swift */,
				39B68732278B3540001B12E4 /* VC2.swift */,
				39B68734278B354D001B12E4 /* VC3.swift */,
			);
			path = SampleVCS;
			sourceTree = "<group>";
		};
		6F0D7D082A88702C00E6D759 /* DemoVCs */ = {
			isa = PBXGroup;
			children = (
				6F646AF02B1F9BCA007A5F8C /* DemoPaginationUser+CoreDataClass.swift */,
				6F646AF12B1F9BCA007A5F8C /* DemoPaginationUser+CoreDataProperties.swift */,
				395AA79228BB2533007371D9 /* CustomBottomSheetListVC.swift */,
				6F646AEE2B1F9A53007A5F8C /* DemoPaginationViewController.swift */,
				6F4278072AB3842300A7E7F8 /* LanguageFileCleaningDemoViewController.swift */,
				6F7DC2862AC1E9F50035CE96 /* NotificationRemovalDemoViewController.swift */,
				6FD75ADB2ACDD23400080E28 /* ButtonBackgroundBezierPathDemoViewController.swift */,
				6F361E092AE03840009F52B9 /* MemoryLeakDemoViewController.swift */,
				6F42780D2AB38A1C00A7E7F8 /* OriginalStringFiles */,
				6F4278102AB38EE500A7E7F8 /* CleanedStrings */,
				6FCF54412A65C07C008B4717 /* PresentCompletionDemoViewController.swift */,
				6F0D7D092A88705E00E6D759 /* StackViewLayoutDemoViewController.swift */,
				6F4278012AAC8C5600A7E7F8 /* ThreadRaceVC.swift */,
			);
			path = DemoVCs;
			sourceTree = "<group>";
		};
		6F42780D2AB38A1C00A7E7F8 /* OriginalStringFiles */ = {
			isa = PBXGroup;
			children = (
				6F4278092AB3852500A7E7F8 /* English.strings */,
				6F42780E2AB38A9000A7E7F8 /* French.strings */,
			);
			path = OriginalStringFiles;
			sourceTree = "<group>";
		};
		6F4278102AB38EE500A7E7F8 /* CleanedStrings */ = {
			isa = PBXGroup;
			children = (
			);
			path = CleanedStrings;
			sourceTree = "<group>";
		};
		B4992A5C378C6C22944C0925 /* Frameworks */ = {
			isa = PBXGroup;
			children = (
				13704C617572F4D1942D5399 /* Pods_Dealit.framework */,
				E5EEAB4B68A7C9ADA98D5047 /* Pods_Dealit_DealitUITests.framework */,
				3F57F91D8F6335D9BCB56552 /* Pods_DealitTests.framework */,
			);
			name = Frameworks;
			sourceTree = "<group>";
		};
		DA6B440615053A3B6158A9F5 /* Pods */ = {
			isa = PBXGroup;
			children = (
				035EC92F1F4EF51D04967C02 /* Pods-Dealit.debug.xcconfig */,
				94A50516429E3F8462A2D6FA /* Pods-Dealit.release.xcconfig */,
				2030A970B7EA18323536B568 /* Pods-Dealit-DealitUITests.debug.xcconfig */,
				06670414DBF8220922DC2A2D /* Pods-Dealit-DealitUITests.release.xcconfig */,
				7A476C7948DA53D3BCF9A7F5 /* Pods-DealitTests.debug.xcconfig */,
				FEF2CFCE031969220055803F /* Pods-DealitTests.release.xcconfig */,
			);
			path = Pods;
			sourceTree = "<group>";
		};
/* End PBXGroup section */

/* Begin PBXNativeTarget section */
		39B686EB278B1EB0001B12E4 /* Dealit */ = {
			isa = PBXNativeTarget;
			buildConfigurationList = 39B68719278B1EB1001B12E4 /* Build configuration list for PBXNativeTarget "Dealit" */;
			buildPhases = (
				A0674A39CB32B0B393D409F9 /* [CP] Check Pods Manifest.lock */,
				39B686E8278B1EB0001B12E4 /* Sources */,
				39B686E9278B1EB0001B12E4 /* Frameworks */,
				39B686EA278B1EB0001B12E4 /* Resources */,
			);
			buildRules = (
			);
			dependencies = (
			);
			name = Dealit;
			packageProductDependencies = (
				6F73E56E2ABA184300F02DCF /* SimpleCustomUIComponentsSwift */,
			);
			productName = Dealit;
			productReference = 39B686EC278B1EB0001B12E4 /* Dealit.app */;
			productType = "com.apple.product-type.application";
		};
		39B68704278B1EB1001B12E4 /* DealitTests */ = {
			isa = PBXNativeTarget;
			buildConfigurationList = 39B6871C278B1EB1001B12E4 /* Build configuration list for PBXNativeTarget "DealitTests" */;
			buildPhases = (
				DAF11CF4669B5F903C57A90B /* [CP] Check Pods Manifest.lock */,
				39B68701278B1EB1001B12E4 /* Sources */,
				39B68702278B1EB1001B12E4 /* Frameworks */,
				39B68703278B1EB1001B12E4 /* Resources */,
			);
			buildRules = (
			);
			dependencies = (
				39B68707278B1EB1001B12E4 /* PBXTargetDependency */,
			);
			name = DealitTests;
			productName = DealitTests;
			productReference = 39B68705278B1EB1001B12E4 /* DealitTests.xctest */;
			productType = "com.apple.product-type.bundle.unit-test";
		};
		39B6870E278B1EB1001B12E4 /* DealitUITests */ = {
			isa = PBXNativeTarget;
			buildConfigurationList = 39B6871F278B1EB1001B12E4 /* Build configuration list for PBXNativeTarget "DealitUITests" */;
			buildPhases = (
				95EBD30119133E60D4CAE95E /* [CP] Check Pods Manifest.lock */,
				39B6870B278B1EB1001B12E4 /* Sources */,
				39B6870C278B1EB1001B12E4 /* Frameworks */,
				39B6870D278B1EB1001B12E4 /* Resources */,
			);
			buildRules = (
			);
			dependencies = (
				39B68711278B1EB1001B12E4 /* PBXTargetDependency */,
			);
			name = DealitUITests;
			productName = DealitUITests;
			productReference = 39B6870F278B1EB1001B12E4 /* DealitUITests.xctest */;
			productType = "com.apple.product-type.bundle.ui-testing";
		};
/* End PBXNativeTarget section */

/* Begin PBXProject section */
		39B686E4278B1EAF001B12E4 /* Project object */ = {
			isa = PBXProject;
			attributes = {
				BuildIndependentTargetsInParallel = 1;
				LastSwiftUpdateCheck = 1320;
				LastUpgradeCheck = 1320;
				TargetAttributes = {
					39B686EB278B1EB0001B12E4 = {
						CreatedOnToolsVersion = 13.2.1;
						LastSwiftMigration = 1320;
					};
					39B68704278B1EB1001B12E4 = {
						CreatedOnToolsVersion = 13.2.1;
						TestTargetID = 39B686EB278B1EB0001B12E4;
					};
					39B6870E278B1EB1001B12E4 = {
						CreatedOnToolsVersion = 13.2.1;
						TestTargetID = 39B686EB278B1EB0001B12E4;
					};
				};
			};
			buildConfigurationList = 39B686E7278B1EAF001B12E4 /* Build configuration list for PBXProject "Dealit" */;
			compatibilityVersion = "Xcode 13.0";
			developmentRegion = en;
			hasScannedForEncodings = 0;
			knownRegions = (
				en,
				Base,
			);
			mainGroup = 39B686E3278B1EAF001B12E4;
			packageReferences = (
				6F73E56D2ABA184300F02DCF /* XCRemoteSwiftPackageReference "SimpleCustomUIComponentsSwift" */,
			);
			productRefGroup = 39B686ED278B1EB0001B12E4 /* Products */;
			projectDirPath = "";
			projectRoot = "";
			targets = (
				39B686EB278B1EB0001B12E4 /* Dealit */,
				39B68704278B1EB1001B12E4 /* DealitTests */,
				39B6870E278B1EB1001B12E4 /* DealitUITests */,
			);
		};
/* End PBXProject section */

/* Begin PBXResourcesBuildPhase section */
		39B686EA278B1EB0001B12E4 /* Resources */ = {
			isa = PBXResourcesBuildPhase;
			buildActionMask = 2147483647;
			files = (
				39B686FF278B1EB1001B12E4 /* LaunchScreen.storyboard in Resources */,
				6F42780A2AB3852500A7E7F8 /* English.strings in Resources */,
				39B6872D278B344C001B12E4 /* SampleVCS.storyboard in Resources */,
				39B686FC278B1EB1001B12E4 /* Assets.xcassets in Resources */,
				395AA79128BB24C8007371D9 /* Common.storyboard in Resources */,
				6F42780F2AB38A9000A7E7F8 /* French.strings in Resources */,
				39B686F7278B1EB0001B12E4 /* Main.storyboard in Resources */,
				396D847C278CA291006F87BD /* HomeTVC.xib in Resources */,
			);
			runOnlyForDeploymentPostprocessing = 0;
		};
		39B68703278B1EB1001B12E4 /* Resources */ = {
			isa = PBXResourcesBuildPhase;
			buildActionMask = 2147483647;
			files = (
			);
			runOnlyForDeploymentPostprocessing = 0;
		};
		39B6870D278B1EB1001B12E4 /* Resources */ = {
			isa = PBXResourcesBuildPhase;
			buildActionMask = 2147483647;
			files = (
			);
			runOnlyForDeploymentPostprocessing = 0;
		};
/* End PBXResourcesBuildPhase section */

/* Begin PBXShellScriptBuildPhase section */
		95EBD30119133E60D4CAE95E /* [CP] Check Pods Manifest.lock */ = {
			isa = PBXShellScriptBuildPhase;
			buildActionMask = 2147483647;
			files = (
			);
			inputFileListPaths = (
			);
			inputPaths = (
				"${PODS_PODFILE_DIR_PATH}/Podfile.lock",
				"${PODS_ROOT}/Manifest.lock",
			);
			name = "[CP] Check Pods Manifest.lock";
			outputFileListPaths = (
			);
			outputPaths = (
				"$(DERIVED_FILE_DIR)/Pods-Dealit-DealitUITests-checkManifestLockResult.txt",
			);
			runOnlyForDeploymentPostprocessing = 0;
			shellPath = /bin/sh;
			shellScript = "diff \"${PODS_PODFILE_DIR_PATH}/Podfile.lock\" \"${PODS_ROOT}/Manifest.lock\" > /dev/null\nif [ $? != 0 ] ; then\n    # print error to STDERR\n    echo \"error: The sandbox is not in sync with the Podfile.lock. Run 'pod install' or update your CocoaPods installation.\" >&2\n    exit 1\nfi\n# This output is used by Xcode 'outputs' to avoid re-running this script phase.\necho \"SUCCESS\" > \"${SCRIPT_OUTPUT_FILE_0}\"\n";
			showEnvVarsInLog = 0;
		};
		A0674A39CB32B0B393D409F9 /* [CP] Check Pods Manifest.lock */ = {
			isa = PBXShellScriptBuildPhase;
			buildActionMask = 2147483647;
			files = (
			);
			inputFileListPaths = (
			);
			inputPaths = (
				"${PODS_PODFILE_DIR_PATH}/Podfile.lock",
				"${PODS_ROOT}/Manifest.lock",
			);
			name = "[CP] Check Pods Manifest.lock";
			outputFileListPaths = (
			);
			outputPaths = (
				"$(DERIVED_FILE_DIR)/Pods-Dealit-checkManifestLockResult.txt",
			);
			runOnlyForDeploymentPostprocessing = 0;
			shellPath = /bin/sh;
			shellScript = "diff \"${PODS_PODFILE_DIR_PATH}/Podfile.lock\" \"${PODS_ROOT}/Manifest.lock\" > /dev/null\nif [ $? != 0 ] ; then\n    # print error to STDERR\n    echo \"error: The sandbox is not in sync with the Podfile.lock. Run 'pod install' or update your CocoaPods installation.\" >&2\n    exit 1\nfi\n# This output is used by Xcode 'outputs' to avoid re-running this script phase.\necho \"SUCCESS\" > \"${SCRIPT_OUTPUT_FILE_0}\"\n";
			showEnvVarsInLog = 0;
		};
		DAF11CF4669B5F903C57A90B /* [CP] Check Pods Manifest.lock */ = {
			isa = PBXShellScriptBuildPhase;
			buildActionMask = 2147483647;
			files = (
			);
			inputFileListPaths = (
			);
			inputPaths = (
				"${PODS_PODFILE_DIR_PATH}/Podfile.lock",
				"${PODS_ROOT}/Manifest.lock",
			);
			name = "[CP] Check Pods Manifest.lock";
			outputFileListPaths = (
			);
			outputPaths = (
				"$(DERIVED_FILE_DIR)/Pods-DealitTests-checkManifestLockResult.txt",
			);
			runOnlyForDeploymentPostprocessing = 0;
			shellPath = /bin/sh;
			shellScript = "diff \"${PODS_PODFILE_DIR_PATH}/Podfile.lock\" \"${PODS_ROOT}/Manifest.lock\" > /dev/null\nif [ $? != 0 ] ; then\n    # print error to STDERR\n    echo \"error: The sandbox is not in sync with the Podfile.lock. Run 'pod install' or update your CocoaPods installation.\" >&2\n    exit 1\nfi\n# This output is used by Xcode 'outputs' to avoid re-running this script phase.\necho \"SUCCESS\" > \"${SCRIPT_OUTPUT_FILE_0}\"\n";
			showEnvVarsInLog = 0;
		};
/* End PBXShellScriptBuildPhase section */

/* Begin PBXSourcesBuildPhase section */
		39B686E8278B1EB0001B12E4 /* Sources */ = {
			isa = PBXSourcesBuildPhase;
			buildActionMask = 2147483647;
			files = (
				394B9AD32C88CA3B00201B4E /* DoubleTapAnimationDemoViewController.swift in Sources */,
				39DD3FFB27BEB08C00BC2F8E /* ProductsCoreDataHandler.swift in Sources */,
				39B68733278B3540001B12E4 /* VC2.swift in Sources */,
				397CDC42278E840F005CA5F2 /* CoreDataHandler.swift in Sources */,
				395AA79328BB2533007371D9 /* CustomBottomSheetListVC.swift in Sources */,
				396D8480278CADF3006F87BD /* HomePageModels.swift in Sources */,
				39379B0C28C126260032D885 /* PropertyObserverVC.swift in Sources */,
				391C8D7B288DC49B007188EA /* HelloCpp.mm in Sources */,
				6F646AEF2B1F9A53007A5F8C /* DemoPaginationViewController.swift in Sources */,
				6FAFF0BF2C18C8A70089DC4D /* StoryProgressSegmentsDemoViewController.swift in Sources */,
				6FCF54422A65C07C008B4717 /* PresentCompletionDemoViewController.swift in Sources */,
				39B68727278B27A2001B12E4 /* InitialVC.swift in Sources */,
				395A430D28829C4900FB8F6F /* WalletConnectClientVC.swift in Sources */,
				39E0458728C65CCD004FB779 /* RawResponse.xcdatamodeld in Sources */,
				393868A2278DF73B00FDDBB2 /* HomePageUsers.xcdatamodeld in Sources */,
				39E0458428C6589E004FB779 /* HomeUsersModel.swift in Sources */,
				39B68735278B354D001B12E4 /* VC3.swift in Sources */,
				39841AB728051EE200D10FA9 /* WalletConnectVC.swift in Sources */,
				6FCF543E2A628D17008B4717 /* InitialBlankViewController.swift in Sources */,
				395A431328829E5000FB8F6F /* ActionsVC.swift in Sources */,
				3986487B2891AC5400A48C6D /* WeakReferenceExampleVC.swift in Sources */,
				6F4278082AB3842300A7E7F8 /* LanguageFileCleaningDemoViewController.swift in Sources */,
				39B6872B278B2A97001B12E4 /* HomeVC.swift in Sources */,
				396D847A278C9CA3006F87BD /* NetworkManager.swift in Sources */,
				39B68725278B261E001B12E4 /* LocalAppData.swift in Sources */,
				3913609F27DA723400D3B29B /* TrustWalletVC.swift in Sources */,
				391C8D7E288DC812007188EA /* CppIntegratedVC.swift in Sources */,
				396D847E278CA67C006F87BD /* HomeTVC.swift in Sources */,
				393F1156278D1B8C00542B3B /* UIImageView_Extensions.swift in Sources */,
				39B68723278B1EEE001B12E4 /* UserStatus.swift in Sources */,
				39B68729278B28F0001B12E4 /* RegisterVC.swift in Sources */,
				395A431128829CB400FB8F6F /* Walletconnect.swift in Sources */,
				39DD3FF927BEAEAE00BC2F8E /* ProductModel.swift in Sources */,
				6F646AF22B1F9BCA007A5F8C /* DemoPaginationUser+CoreDataClass.swift in Sources */,
				39B686F0278B1EB0001B12E4 /* AppDelegate.swift in Sources */,
				395A430F28829C7F00FB8F6F /* HandShakeVC.swift in Sources */,
				39B68730278B3494001B12E4 /* VC1.swift in Sources */,
				39478C1027A0663D009652CB /* UserListCoreDataHandler.swift in Sources */,
				6F646AF32B1F9BCA007A5F8C /* DemoPaginationUser+CoreDataProperties.swift in Sources */,
				6FD75ADC2ACDD23400080E28 /* ButtonBackgroundBezierPathDemoViewController.swift in Sources */,
				6F361E0A2AE03840009F52B9 /* MemoryLeakDemoViewController.swift in Sources */,
				6F4278022AAC8C5600A7E7F8 /* ThreadRaceVC.swift in Sources */,
				39B686FA278B1EB0001B12E4 /* Dealit.xcdatamodeld in Sources */,
				6F0D7D0A2A88705E00E6D759 /* StackViewLayoutDemoViewController.swift in Sources */,
				6F7DC2872AC1E9F50035CE96 /* NotificationRemovalDemoViewController.swift in Sources */,
			);
			runOnlyForDeploymentPostprocessing = 0;
		};
		39B68701278B1EB1001B12E4 /* Sources */ = {
			isa = PBXSourcesBuildPhase;
			buildActionMask = 2147483647;
			files = (
				39B6870A278B1EB1001B12E4 /* DealitTests.swift in Sources */,
			);
			runOnlyForDeploymentPostprocessing = 0;
		};
		39B6870B278B1EB1001B12E4 /* Sources */ = {
			isa = PBXSourcesBuildPhase;
			buildActionMask = 2147483647;
			files = (
				39B68714278B1EB1001B12E4 /* DealitUITests.swift in Sources */,
				39B68716278B1EB1001B12E4 /* DealitUITestsLaunchTests.swift in Sources */,
			);
			runOnlyForDeploymentPostprocessing = 0;
		};
/* End PBXSourcesBuildPhase section */

/* Begin PBXTargetDependency section */
		39B68707278B1EB1001B12E4 /* PBXTargetDependency */ = {
			isa = PBXTargetDependency;
			target = 39B686EB278B1EB0001B12E4 /* Dealit */;
			targetProxy = 39B68706278B1EB1001B12E4 /* PBXContainerItemProxy */;
		};
		39B68711278B1EB1001B12E4 /* PBXTargetDependency */ = {
			isa = PBXTargetDependency;
			target = 39B686EB278B1EB0001B12E4 /* Dealit */;
			targetProxy = 39B68710278B1EB1001B12E4 /* PBXContainerItemProxy */;
		};
/* End PBXTargetDependency section */

/* Begin PBXVariantGroup section */
		39B686F5278B1EB0001B12E4 /* Main.storyboard */ = {
			isa = PBXVariantGroup;
			children = (
				39B686F6278B1EB0001B12E4 /* Base */,
			);
			name = Main.storyboard;
			sourceTree = "<group>";
		};
		39B686FD278B1EB1001B12E4 /* LaunchScreen.storyboard */ = {
			isa = PBXVariantGroup;
			children = (
				39B686FE278B1EB1001B12E4 /* Base */,
			);
			name = LaunchScreen.storyboard;
			sourceTree = "<group>";
		};
/* End PBXVariantGroup section */

/* Begin XCBuildConfiguration section */
		39B68717278B1EB1001B12E4 /* Debug */ = {
			isa = XCBuildConfiguration;
			buildSettings = {
				ALWAYS_SEARCH_USER_PATHS = NO;
				CLANG_ANALYZER_NONNULL = YES;
				CLANG_ANALYZER_NUMBER_OBJECT_CONVERSION = YES_AGGRESSIVE;
				CLANG_CXX_LANGUAGE_STANDARD = "gnu++17";
				CLANG_CXX_LIBRARY = "libc++";
				CLANG_ENABLE_MODULES = YES;
				CLANG_ENABLE_OBJC_ARC = YES;
				CLANG_ENABLE_OBJC_WEAK = YES;
				CLANG_WARN_BLOCK_CAPTURE_AUTORELEASING = YES;
				CLANG_WARN_BOOL_CONVERSION = YES;
				CLANG_WARN_COMMA = YES;
				CLANG_WARN_CONSTANT_CONVERSION = YES;
				CLANG_WARN_DEPRECATED_OBJC_IMPLEMENTATIONS = YES;
				CLANG_WARN_DIRECT_OBJC_ISA_USAGE = YES_ERROR;
				CLANG_WARN_DOCUMENTATION_COMMENTS = YES;
				CLANG_WARN_EMPTY_BODY = YES;
				CLANG_WARN_ENUM_CONVERSION = YES;
				CLANG_WARN_INFINITE_RECURSION = YES;
				CLANG_WARN_INT_CONVERSION = YES;
				CLANG_WARN_NON_LITERAL_NULL_CONVERSION = YES;
				CLANG_WARN_OBJC_IMPLICIT_RETAIN_SELF = YES;
				CLANG_WARN_OBJC_LITERAL_CONVERSION = YES;
				CLANG_WARN_OBJC_ROOT_CLASS = YES_ERROR;
				CLANG_WARN_QUOTED_INCLUDE_IN_FRAMEWORK_HEADER = YES;
				CLANG_WARN_RANGE_LOOP_ANALYSIS = YES;
				CLANG_WARN_STRICT_PROTOTYPES = YES;
				CLANG_WARN_SUSPICIOUS_MOVE = YES;
				CLANG_WARN_UNGUARDED_AVAILABILITY = YES_AGGRESSIVE;
				CLANG_WARN_UNREACHABLE_CODE = YES;
				CLANG_WARN__DUPLICATE_METHOD_MATCH = YES;
				COPY_PHASE_STRIP = NO;
				DEBUG_INFORMATION_FORMAT = dwarf;
				ENABLE_STRICT_OBJC_MSGSEND = YES;
				ENABLE_TESTABILITY = YES;
				GCC_C_LANGUAGE_STANDARD = gnu11;
				GCC_DYNAMIC_NO_PIC = NO;
				GCC_NO_COMMON_BLOCKS = YES;
				GCC_OPTIMIZATION_LEVEL = 0;
				GCC_PREPROCESSOR_DEFINITIONS = (
					"DEBUG=1",
					"$(inherited)",
				);
				GCC_WARN_64_TO_32_BIT_CONVERSION = YES;
				GCC_WARN_ABOUT_RETURN_TYPE = YES_ERROR;
				GCC_WARN_UNDECLARED_SELECTOR = YES;
				GCC_WARN_UNINITIALIZED_AUTOS = YES_AGGRESSIVE;
				GCC_WARN_UNUSED_FUNCTION = YES;
				GCC_WARN_UNUSED_VARIABLE = YES;
				IPHONEOS_DEPLOYMENT_TARGET = 15.2;
				MTL_ENABLE_DEBUG_INFO = INCLUDE_SOURCE;
				MTL_FAST_MATH = YES;
				ONLY_ACTIVE_ARCH = YES;
				SDKROOT = iphoneos;
				SWIFT_ACTIVE_COMPILATION_CONDITIONS = DEBUG;
				SWIFT_OPTIMIZATION_LEVEL = "-Onone";
			};
			name = Debug;
		};
		39B68718278B1EB1001B12E4 /* Release */ = {
			isa = XCBuildConfiguration;
			buildSettings = {
				ALWAYS_SEARCH_USER_PATHS = NO;
				CLANG_ANALYZER_NONNULL = YES;
				CLANG_ANALYZER_NUMBER_OBJECT_CONVERSION = YES_AGGRESSIVE;
				CLANG_CXX_LANGUAGE_STANDARD = "gnu++17";
				CLANG_CXX_LIBRARY = "libc++";
				CLANG_ENABLE_MODULES = YES;
				CLANG_ENABLE_OBJC_ARC = YES;
				CLANG_ENABLE_OBJC_WEAK = YES;
				CLANG_WARN_BLOCK_CAPTURE_AUTORELEASING = YES;
				CLANG_WARN_BOOL_CONVERSION = YES;
				CLANG_WARN_COMMA = YES;
				CLANG_WARN_CONSTANT_CONVERSION = YES;
				CLANG_WARN_DEPRECATED_OBJC_IMPLEMENTATIONS = YES;
				CLANG_WARN_DIRECT_OBJC_ISA_USAGE = YES_ERROR;
				CLANG_WARN_DOCUMENTATION_COMMENTS = YES;
				CLANG_WARN_EMPTY_BODY = YES;
				CLANG_WARN_ENUM_CONVERSION = YES;
				CLANG_WARN_INFINITE_RECURSION = YES;
				CLANG_WARN_INT_CONVERSION = YES;
				CLANG_WARN_NON_LITERAL_NULL_CONVERSION = YES;
				CLANG_WARN_OBJC_IMPLICIT_RETAIN_SELF = YES;
				CLANG_WARN_OBJC_LITERAL_CONVERSION = YES;
				CLANG_WARN_OBJC_ROOT_CLASS = YES_ERROR;
				CLANG_WARN_QUOTED_INCLUDE_IN_FRAMEWORK_HEADER = YES;
				CLANG_WARN_RANGE_LOOP_ANALYSIS = YES;
				CLANG_WARN_STRICT_PROTOTYPES = YES;
				CLANG_WARN_SUSPICIOUS_MOVE = YES;
				CLANG_WARN_UNGUARDED_AVAILABILITY = YES_AGGRESSIVE;
				CLANG_WARN_UNREACHABLE_CODE = YES;
				CLANG_WARN__DUPLICATE_METHOD_MATCH = YES;
				COPY_PHASE_STRIP = NO;
				DEBUG_INFORMATION_FORMAT = "dwarf-with-dsym";
				ENABLE_NS_ASSERTIONS = NO;
				ENABLE_STRICT_OBJC_MSGSEND = YES;
				GCC_C_LANGUAGE_STANDARD = gnu11;
				GCC_NO_COMMON_BLOCKS = YES;
				GCC_WARN_64_TO_32_BIT_CONVERSION = YES;
				GCC_WARN_ABOUT_RETURN_TYPE = YES_ERROR;
				GCC_WARN_UNDECLARED_SELECTOR = YES;
				GCC_WARN_UNINITIALIZED_AUTOS = YES_AGGRESSIVE;
				GCC_WARN_UNUSED_FUNCTION = YES;
				GCC_WARN_UNUSED_VARIABLE = YES;
				IPHONEOS_DEPLOYMENT_TARGET = 15.2;
				MTL_ENABLE_DEBUG_INFO = NO;
				MTL_FAST_MATH = YES;
				SDKROOT = iphoneos;
				SWIFT_COMPILATION_MODE = wholemodule;
				SWIFT_OPTIMIZATION_LEVEL = "-O";
				VALIDATE_PRODUCT = YES;
			};
			name = Release;
		};
		39B6871A278B1EB1001B12E4 /* Debug */ = {
			isa = XCBuildConfiguration;
			baseConfigurationReference = 035EC92F1F4EF51D04967C02 /* Pods-Dealit.debug.xcconfig */;
			buildSettings = {
				ASSETCATALOG_COMPILER_APPICON_NAME = AppIcon;
				ASSETCATALOG_COMPILER_GLOBAL_ACCENT_COLOR_NAME = AccentColor;
				CLANG_ENABLE_MODULES = YES;
				CODE_SIGN_STYLE = Automatic;
				CURRENT_PROJECT_VERSION = 1;
				DEVELOPMENT_TEAM = F67CP85VVA;
				GENERATE_INFOPLIST_FILE = YES;
				INFOPLIST_FILE = Dealit/Info.plist;
				INFOPLIST_KEY_UIApplicationSupportsIndirectInputEvents = YES;
				INFOPLIST_KEY_UILaunchStoryboardName = LaunchScreen;
				INFOPLIST_KEY_UIMainStoryboardFile = Main;
				INFOPLIST_KEY_UISupportedInterfaceOrientations_iPad = "UIInterfaceOrientationPortrait UIInterfaceOrientationPortraitUpsideDown UIInterfaceOrientationLandscapeLeft UIInterfaceOrientationLandscapeRight";
				INFOPLIST_KEY_UISupportedInterfaceOrientations_iPhone = "UIInterfaceOrientationPortrait UIInterfaceOrientationLandscapeLeft UIInterfaceOrientationLandscapeRight";
				LD_RUNPATH_SEARCH_PATHS = (
					"$(inherited)",
					"@executable_path/Frameworks",
				);
				MARKETING_VERSION = 1.0;
				PRODUCT_BUNDLE_IDENTIFIER = com.demo.dealit;
				PRODUCT_NAME = "$(TARGET_NAME)";
				SWIFT_EMIT_LOC_STRINGS = YES;
				SWIFT_OBJC_BRIDGING_HEADER = "Dealit/Account/Dealit-Bridging-Header.h";
				SWIFT_OPTIMIZATION_LEVEL = "-Onone";
				SWIFT_VERSION = 5.0;
				TARGETED_DEVICE_FAMILY = "1,2";
			};
			name = Debug;
		};
		39B6871B278B1EB1001B12E4 /* Release */ = {
			isa = XCBuildConfiguration;
			baseConfigurationReference = 94A50516429E3F8462A2D6FA /* Pods-Dealit.release.xcconfig */;
			buildSettings = {
				ASSETCATALOG_COMPILER_APPICON_NAME = AppIcon;
				ASSETCATALOG_COMPILER_GLOBAL_ACCENT_COLOR_NAME = AccentColor;
				CLANG_ENABLE_MODULES = YES;
				CODE_SIGN_ENTITLEMENTS = Dealit/DealitRelease.entitlements;
				CODE_SIGN_IDENTITY = "Apple Development";
				CODE_SIGN_STYLE = Automatic;
				CURRENT_PROJECT_VERSION = 1;
				DEVELOPMENT_TEAM = F67CP85VVA;
				GENERATE_INFOPLIST_FILE = YES;
				INFOPLIST_FILE = Dealit/Info.plist;
				INFOPLIST_KEY_UIApplicationSupportsIndirectInputEvents = YES;
				INFOPLIST_KEY_UILaunchStoryboardName = LaunchScreen;
				INFOPLIST_KEY_UIMainStoryboardFile = Main;
				INFOPLIST_KEY_UISupportedInterfaceOrientations_iPad = "UIInterfaceOrientationPortrait UIInterfaceOrientationPortraitUpsideDown UIInterfaceOrientationLandscapeLeft UIInterfaceOrientationLandscapeRight";
				INFOPLIST_KEY_UISupportedInterfaceOrientations_iPhone = "UIInterfaceOrientationPortrait UIInterfaceOrientationLandscapeLeft UIInterfaceOrientationLandscapeRight";
				LD_RUNPATH_SEARCH_PATHS = (
					"$(inherited)",
					"@executable_path/Frameworks",
				);
				MARKETING_VERSION = 1.0;
				PRODUCT_BUNDLE_IDENTIFIER = com.demo.dealit;
				PRODUCT_NAME = "$(TARGET_NAME)";
				PROVISIONING_PROFILE_SPECIFIER = "";
				SWIFT_EMIT_LOC_STRINGS = YES;
				SWIFT_OBJC_BRIDGING_HEADER = "Dealit/Account/Dealit-Bridging-Header.h";
				SWIFT_VERSION = 5.0;
				TARGETED_DEVICE_FAMILY = "1,2";
			};
			name = Release;
		};
		39B6871D278B1EB1001B12E4 /* Debug */ = {
			isa = XCBuildConfiguration;
			baseConfigurationReference = 7A476C7948DA53D3BCF9A7F5 /* Pods-DealitTests.debug.xcconfig */;
			buildSettings = {
				ALWAYS_EMBED_SWIFT_STANDARD_LIBRARIES = YES;
				BUNDLE_LOADER = "$(TEST_HOST)";
				CODE_SIGN_STYLE = Automatic;
				CURRENT_PROJECT_VERSION = 1;
				DEVELOPMENT_TEAM = T9YNGR22U4;
				GENERATE_INFOPLIST_FILE = YES;
				IPHONEOS_DEPLOYMENT_TARGET = 15.2;
				MARKETING_VERSION = 1.0;
				PRODUCT_BUNDLE_IDENTIFIER = com.demo.dealit.tests;
				PRODUCT_NAME = "$(TARGET_NAME)";
				SWIFT_EMIT_LOC_STRINGS = NO;
				SWIFT_VERSION = 5.0;
				TARGETED_DEVICE_FAMILY = "1,2";
				TEST_HOST = "$(BUILT_PRODUCTS_DIR)/Dealit.app/Dealit";
			};
			name = Debug;
		};
		39B6871E278B1EB1001B12E4 /* Release */ = {
			isa = XCBuildConfiguration;
			baseConfigurationReference = FEF2CFCE031969220055803F /* Pods-DealitTests.release.xcconfig */;
			buildSettings = {
				ALWAYS_EMBED_SWIFT_STANDARD_LIBRARIES = YES;
				BUNDLE_LOADER = "$(TEST_HOST)";
				CODE_SIGN_STYLE = Automatic;
				CURRENT_PROJECT_VERSION = 1;
				DEVELOPMENT_TEAM = F67CP85VVA;
				GENERATE_INFOPLIST_FILE = YES;
				IPHONEOS_DEPLOYMENT_TARGET = 15.2;
				MARKETING_VERSION = 1.0;
				PRODUCT_BUNDLE_IDENTIFIER = com.demo.dealit.tests;
				PRODUCT_NAME = "$(TARGET_NAME)";
				SWIFT_EMIT_LOC_STRINGS = NO;
				SWIFT_VERSION = 5.0;
				TARGETED_DEVICE_FAMILY = "1,2";
				TEST_HOST = "$(BUILT_PRODUCTS_DIR)/Dealit.app/Dealit";
			};
			name = Release;
		};
		39B68720278B1EB1001B12E4 /* Debug */ = {
			isa = XCBuildConfiguration;
			baseConfigurationReference = 2030A970B7EA18323536B568 /* Pods-Dealit-DealitUITests.debug.xcconfig */;
			buildSettings = {
				ALWAYS_EMBED_SWIFT_STANDARD_LIBRARIES = YES;
				CODE_SIGN_STYLE = Automatic;
				CURRENT_PROJECT_VERSION = 1;
				DEVELOPMENT_TEAM = T9YNGR22U4;
				GENERATE_INFOPLIST_FILE = YES;
				MARKETING_VERSION = 1.0;
				PRODUCT_BUNDLE_IDENTIFIER = com.demo.dealit.uitests;
				PRODUCT_NAME = "$(TARGET_NAME)";
				SWIFT_EMIT_LOC_STRINGS = NO;
				SWIFT_VERSION = 5.0;
				TARGETED_DEVICE_FAMILY = "1,2";
				TEST_TARGET_NAME = Dealit;
			};
			name = Debug;
		};
		39B68721278B1EB1001B12E4 /* Release */ = {
			isa = XCBuildConfiguration;
			baseConfigurationReference = 06670414DBF8220922DC2A2D /* Pods-Dealit-DealitUITests.release.xcconfig */;
			buildSettings = {
				ALWAYS_EMBED_SWIFT_STANDARD_LIBRARIES = YES;
				CODE_SIGN_STYLE = Automatic;
				CURRENT_PROJECT_VERSION = 1;
				DEVELOPMENT_TEAM = F67CP85VVA;
				GENERATE_INFOPLIST_FILE = YES;
				MARKETING_VERSION = 1.0;
				PRODUCT_BUNDLE_IDENTIFIER = com.demo.dealit.uitests;
				PRODUCT_NAME = "$(TARGET_NAME)";
				SWIFT_EMIT_LOC_STRINGS = NO;
				SWIFT_VERSION = 5.0;
				TARGETED_DEVICE_FAMILY = "1,2";
				TEST_TARGET_NAME = Dealit;
			};
			name = Release;
		};
/* End XCBuildConfiguration section */

/* Begin XCConfigurationList section */
		39B686E7278B1EAF001B12E4 /* Build configuration list for PBXProject "Dealit" */ = {
			isa = XCConfigurationList;
			buildConfigurations = (
				39B68717278B1EB1001B12E4 /* Debug */,
				39B68718278B1EB1001B12E4 /* Release */,
			);
			defaultConfigurationIsVisible = 0;
			defaultConfigurationName = Release;
		};
		39B68719278B1EB1001B12E4 /* Build configuration list for PBXNativeTarget "Dealit" */ = {
			isa = XCConfigurationList;
			buildConfigurations = (
				39B6871A278B1EB1001B12E4 /* Debug */,
				39B6871B278B1EB1001B12E4 /* Release */,
			);
			defaultConfigurationIsVisible = 0;
			defaultConfigurationName = Release;
		};
		39B6871C278B1EB1001B12E4 /* Build configuration list for PBXNativeTarget "DealitTests" */ = {
			isa = XCConfigurationList;
			buildConfigurations = (
				39B6871D278B1EB1001B12E4 /* Debug */,
				39B6871E278B1EB1001B12E4 /* Release */,
			);
			defaultConfigurationIsVisible = 0;
			defaultConfigurationName = Release;
		};
		39B6871F278B1EB1001B12E4 /* Build configuration list for PBXNativeTarget "DealitUITests" */ = {
			isa = XCConfigurationList;
			buildConfigurations = (
				39B68720278B1EB1001B12E4 /* Debug */,
				39B68721278B1EB1001B12E4 /* Release */,
			);
			defaultConfigurationIsVisible = 0;
			defaultConfigurationName = Release;
		};
/* End XCConfigurationList section */

/* Begin XCRemoteSwiftPackageReference section */
		6F73E56D2ABA184300F02DCF /* XCRemoteSwiftPackageReference "SimpleCustomUIComponentsSwift" */ = {
			isa = XCRemoteSwiftPackageReference;
			repositoryURL = "https://github.com/mohammedismayil/SimpleCustomUIComponentsSwift";
			requirement = {
				branch = main;
				kind = branch;
			};
		};
/* End XCRemoteSwiftPackageReference section */

/* Begin XCSwiftPackageProductDependency section */
		6F73E56E2ABA184300F02DCF /* SimpleCustomUIComponentsSwift */ = {
			isa = XCSwiftPackageProductDependency;
			package = 6F73E56D2ABA184300F02DCF /* XCRemoteSwiftPackageReference "SimpleCustomUIComponentsSwift" */;
			productName = SimpleCustomUIComponentsSwift;
		};
/* End XCSwiftPackageProductDependency section */

/* Begin XCVersionGroup section */
		393868A0278DF73B00FDDBB2 /* HomePageUsers.xcdatamodeld */ = {
			isa = XCVersionGroup;
			children = (
				393868A1278DF73B00FDDBB2 /* HomePageUsers.xcdatamodel */,
			);
			currentVersion = 393868A1278DF73B00FDDBB2 /* HomePageUsers.xcdatamodel */;
			path = HomePageUsers.xcdatamodeld;
			sourceTree = "<group>";
			versionGroupType = wrapper.xcdatamodel;
		};
		39B686F8278B1EB0001B12E4 /* Dealit.xcdatamodeld */ = {
			isa = XCVersionGroup;
			children = (
				39B686F9278B1EB0001B12E4 /* Dealit.xcdatamodel */,
			);
			currentVersion = 39B686F9278B1EB0001B12E4 /* Dealit.xcdatamodel */;
			path = Dealit.xcdatamodeld;
			sourceTree = "<group>";
			versionGroupType = wrapper.xcdatamodel;
		};
		39E0458528C65CCD004FB779 /* RawResponse.xcdatamodeld */ = {
			isa = XCVersionGroup;
			children = (
				39E0458628C65CCD004FB779 /* RawResponse.xcdatamodel */,
			);
			currentVersion = 39E0458628C65CCD004FB779 /* RawResponse.xcdatamodel */;
			path = RawResponse.xcdatamodeld;
			sourceTree = "<group>";
			versionGroupType = wrapper.xcdatamodel;
		};
/* End XCVersionGroup section */
	};
	rootObject = 39B686E4278B1EAF001B12E4 /* Project object */;
}
